
Microsoft Visual Studio Solution File, Format Version 12.00
# Visual Studio Version 16
VisualStudioVersion = 16.0.29728.190
MinimumVisualStudioVersion = 10.0.40219.1
Project("{FAE04EC0-301F-11D3-BF4B-00C04F79EFBC}") = "Teoria Computacional", "Teoria Computacional.csproj", "{7F52A046-8486-47AB-BE9A-1A70724486A2}"
EndProject
Global
	GlobalSection(SolutionConfigurationPlatforms) = preSolution
		Debug|Any CPU = Debug|Any CPU
		Release|Any CPU = Release|Any CPU
	EndGlobalSection
	GlobalSection(ProjectConfigurationPlatforms) = postSolution
		{7F52A046-8486-47AB-BE9A-1A70724486A2}.Debug|Any CPU.ActiveCfg = Debug|Any CPU
		{7F52A046-8486-47AB-BE9A-1A70724486A2}.Debug|Any CPU.Build.0 = Debug|Any CPU
		{7F52A046-8486-47AB-BE9A-1A70724486A2}.Release|Any CPU.ActiveCfg = Release|Any CPU
		{7F52A046-8486-47AB-BE9A-1A70724486A2}.Release|Any CPU.Build.0 = Release|Any CPU
	EndGlobalSection
	GlobalSection(SolutionProperties) = preSolution
		HideSolutionNode = FALSE
	EndGlobalSection
	GlobalSection(ExtensibilityGlobals) = postSolution
		SolutionGuid = {D7AF83F6-51B7-4741-B589-488A58C50272}
	EndGlobalSection
EndGlobal
